
Microsoft Visual Studio Solution File, Format Version 12.00
# Visual Studio 2013
Project("{FAE04EC0-301F-11D3-BF4B-00C04F79EFBC}") = "MultiSystem", "MultiSystem\MultiSystem.csproj", "{d4f5c6e2-38ca-4428-b8c8-cf527ee804b2}"
EndProject
Global
	GlobalSection(SolutionConfigurationPlatforms) = preSolution
		Debug|Any CPU = Debug|Any CPU
		Release|Any CPU = Release|Any CPU
	EndGlobalSection
	GlobalSection(ProjectConfigurationPlatforms) = postSolution
		{D4F5C6E2-38CA-4428-B8C8-CF527EE804B2}.Debug|Any CPU.ActiveCfg = Debug|Any CPU
		{D4F5C6E2-38CA-4428-B8C8-CF527EE804B2}.Debug|Any CPU.Build.0 = Debug|Any CPU
		{D4F5C6E2-38CA-4428-B8C8-CF527EE804B2}.Release|Any CPU.ActiveCfg = Release|Any CPU
		{D4F5C6E2-38CA-4428-B8C8-CF527EE804B2}.Release|Any CPU.Build.0 = Release|Any CPU
	EndGlobalSection
EndGlobal
